// !$*UTF8*$!
{
	archiveVersion = 1;
	classes = {
	};
	objectVersion = 46;
	objects = {

/* Begin PBXBuildFile section */
		A374806414B7C10E00601CC8 /* UIKit.framework in Frameworks */ = {isa = PBXBuildFile; fileRef = A374806314B7C10E00601CC8 /* UIKit.framework */; };
		A374806614B7C10E00601CC8 /* Foundation.framework in Frameworks */ = {isa = PBXBuildFile; fileRef = A374806514B7C10E00601CC8 /* Foundation.framework */; };
		A374806814B7C10E00601CC8 /* CoreGraphics.framework in Frameworks */ = {isa = PBXBuildFile; fileRef = A374806714B7C10E00601CC8 /* CoreGraphics.framework */; };
		A374806E14B7C10E00601CC8 /* InfoPlist.strings in Resources */ = {isa = PBXBuildFile; fileRef = A374806C14B7C10E00601CC8 /* InfoPlist.strings */; };
		A374807014B7C10E00601CC8 /* main.m in Sources */ = {isa = PBXBuildFile; fileRef = A374806F14B7C10E00601CC8 /* main.m */; };
		A374807414B7C10E00601CC8 /* ShareaboutsAppDelegate.m in Sources */ = {isa = PBXBuildFile; fileRef = A374807314B7C10E00601CC8 /* ShareaboutsAppDelegate.m */; };
		A374807714B7C10E00601CC8 /* MainStoryboard.storyboard in Resources */ = {isa = PBXBuildFile; fileRef = A374807514B7C10E00601CC8 /* MainStoryboard.storyboard */; };
		A374807A14B7C10E00601CC8 /* ShareaboutsViewController.m in Sources */ = {isa = PBXBuildFile; fileRef = A374807914B7C10E00601CC8 /* ShareaboutsViewController.m */; };
/* End PBXBuildFile section */

/* Begin PBXFileReference section */
		A374805F14B7C10E00601CC8 /* ShareaboutsMap.app */ = {isa = PBXFileReference; explicitFileType = wrapper.application; includeInIndex = 0; path = ShareaboutsMap.app; sourceTree = BUILT_PRODUCTS_DIR; };
		A374806314B7C10E00601CC8 /* UIKit.framework */ = {isa = PBXFileReference; lastKnownFileType = wrapper.framework; name = UIKit.framework; path = System/Library/Frameworks/UIKit.framework; sourceTree = SDKROOT; };
		A374806514B7C10E00601CC8 /* Foundation.framework */ = {isa = PBXFileReference; lastKnownFileType = wrapper.framework; name = Foundation.framework; path = System/Library/Frameworks/Foundation.framework; sourceTree = SDKROOT; };
		A374806714B7C10E00601CC8 /* CoreGraphics.framework */ = {isa = PBXFileReference; lastKnownFileType = wrapper.framework; name = CoreGraphics.framework; path = System/Library/Frameworks/CoreGraphics.framework; sourceTree = SDKROOT; };
		A374806B14B7C10E00601CC8 /* ShareaboutsMap-Info.plist */ = {isa = PBXFileReference; path = "ShareaboutsMap-Info.plist"; sourceTree = "<group>"; };
		A374806D14B7C10E00601CC8 /* en */ = {isa = PBXFileReference; lastKnownFileType = text.plist.strings; name = en; path = en.lproj/InfoPlist.strings; sourceTree = "<group>"; };
		A374806F14B7C10E00601CC8 /* main.m */ = {isa = PBXFileReference; lastKnownFileType = sourcecode.c.objc; path = main.m; sourceTree = "<group>"; };
		A374807114B7C10E00601CC8 /* ShareaboutsMap-Prefix.pch */ = {isa = PBXFileReference; path = "ShareaboutsMap-Prefix.pch"; sourceTree = "<group>"; };
		A374807214B7C10E00601CC8 /* ShareaboutsAppDelegate.h */ = {isa = PBXFileReference; path = ShareaboutsAppDelegate.h; sourceTree = "<group>"; };
		A374807314B7C10E00601CC8 /* ShareaboutsAppDelegate.m */ = {isa = PBXFileReference; lastKnownFileType = sourcecode.c.objc; path = ShareaboutsAppDelegate.m; sourceTree = "<group>"; };
		A374807614B7C10E00601CC8 /* en */ = {isa = PBXFileReference; lastKnownFileType = file.storyboard; name = en; path = en.lproj/MainStoryboard.storyboard; sourceTree = "<group>"; };
		A374807814B7C10E00601CC8 /* ShareaboutsViewController.h */ = {isa = PBXFileReference; path = ShareaboutsViewController.h; sourceTree = "<group>"; };
		A374807914B7C10E00601CC8 /* ShareaboutsViewController.m */ = {isa = PBXFileReference; lastKnownFileType = sourcecode.c.objc; path = ShareaboutsViewController.m; sourceTree = "<group>"; };
/* End PBXFileReference section */

/* Begin PBXFrameworksBuildPhase section */
		A374805C14B7C10E00601CC8 /* Frameworks */ = {
			isa = PBXFrameworksBuildPhase;
			buildActionMask = 2147483647;
			files = (
				A374806414B7C10E00601CC8 /* UIKit.framework in Frameworks */,
				A374806614B7C10E00601CC8 /* Foundation.framework in Frameworks */,
				A374806814B7C10E00601CC8 /* CoreGraphics.framework in Frameworks */,
			);
			runOnlyForDeploymentPostprocessing = 0;
		};
/* End PBXFrameworksBuildPhase section */

/* Begin PBXGroup section */
		A374805414B7C10E00601CC8 = {
			isa = PBXGroup;
			children = (
				A374806914B7C10E00601CC8 /* ShareaboutsMap */,
				A374806214B7C10E00601CC8 /* Frameworks */,
				A374806014B7C10E00601CC8 /* Products */,
			);
			sourceTree = "<group>";
		};
		A374806014B7C10E00601CC8 /* Products */ = {
			isa = PBXGroup;
			children = (
				A374805F14B7C10E00601CC8 /* ShareaboutsMap.app */,
			);
			name = Products;
			sourceTree = "<group>";
		};
		A374806214B7C10E00601CC8 /* Frameworks */ = {
			isa = PBXGroup;
			children = (
				A374806314B7C10E00601CC8 /* UIKit.framework */,
				A374806514B7C10E00601CC8 /* Foundation.framework */,
				A374806714B7C10E00601CC8 /* CoreGraphics.framework */,
			);
			name = Frameworks;
			sourceTree = "<group>";
		};
		A374806914B7C10E00601CC8 /* ShareaboutsMap */ = {
			isa = PBXGroup;
			children = (
				A374807214B7C10E00601CC8 /* ShareaboutsAppDelegate.h */,
				A374807314B7C10E00601CC8 /* ShareaboutsAppDelegate.m */,
				A374807514B7C10E00601CC8 /* MainStoryboard.storyboard */,
				A374807814B7C10E00601CC8 /* ShareaboutsViewController.h */,
				A374807914B7C10E00601CC8 /* ShareaboutsViewController.m */,
				A374806A14B7C10E00601CC8 /* Supporting Files */,
			);
			path = ShareaboutsMap;
			sourceTree = "<group>";
		};
		A374806A14B7C10E00601CC8 /* Supporting Files */ = {
			isa = PBXGroup;
			children = (
				A374806B14B7C10E00601CC8 /* ShareaboutsMap-Info.plist */,
				A374806C14B7C10E00601CC8 /* InfoPlist.strings */,
				A374806F14B7C10E00601CC8 /* main.m */,
				A374807114B7C10E00601CC8 /* ShareaboutsMap-Prefix.pch */,
			);
			name = "Supporting Files";
			sourceTree = "<group>";
		};
/* End PBXGroup section */

/* Begin PBXNativeTarget section */
		A374805E14B7C10E00601CC8 /* ShareaboutsMap */ = {
			isa = PBXNativeTarget;
			buildConfigurationList = A374807D14B7C10E00601CC8 /* Build configuration list for PBXNativeTarget "ShareaboutsMap" */;
			buildPhases = (
				A374805B14B7C10E00601CC8 /* Sources */,
				A374805C14B7C10E00601CC8 /* Frameworks */,
				A374805D14B7C10E00601CC8 /* Resources */,
			);
			buildRules = (
			);
			dependencies = (
			);
			name = ShareaboutsMap;
			productName = ShareaboutsMap;
			productReference = A374805F14B7C10E00601CC8 /* ShareaboutsMap.app */;
			productType = "com.apple.product-type.application";
		};
/* End PBXNativeTarget section */

/* Begin PBXProject section */
		A374805614B7C10E00601CC8 /* Project object */ = {
			isa = PBXProject;
			attributes = {
				LastUpgradeCheck = 0420;
				ORGANIZATIONNAME = OpenPlans;
			};
			buildConfigurationList = A374805914B7C10E00601CC8 /* Build configuration list for PBXProject "ShareaboutsMap" */;
			compatibilityVersion = "Xcode 3.2";
			developmentRegion = English;
			hasScannedForEncodings = 0;
			knownRegions = (
				en,
			);
			mainGroup = A374805414B7C10E00601CC8;
			productRefGroup = A374806014B7C10E00601CC8 /* Products */;
			projectDirPath = "";
			projectRoot = "";
			targets = (
				A374805E14B7C10E00601CC8 /* ShareaboutsMap */,
			);
		};
/* End PBXProject section */

/* Begin PBXResourcesBuildPhase section */
		A374805D14B7C10E00601CC8 /* Resources */ = {
			isa = PBXResourcesBuildPhase;
			buildActionMask = 2147483647;
			files = (
				A374806E14B7C10E00601CC8 /* InfoPlist.strings in Resources */,
				A374807714B7C10E00601CC8 /* MainStoryboard.storyboard in Resources */,
			);
			runOnlyForDeploymentPostprocessing = 0;
		};
/* End PBXResourcesBuildPhase section */

/* Begin PBXSourcesBuildPhase section */
		A374805B14B7C10E00601CC8 /* Sources */ = {
			isa = PBXSourcesBuildPhase;
			buildActionMask = 2147483647;
			files = (
				A374807014B7C10E00601CC8 /* main.m in Sources */,
				A374807414B7C10E00601CC8 /* ShareaboutsAppDelegate.m in Sources */,
				A374807A14B7C10E00601CC8 /* ShareaboutsViewController.m in Sources */,
			);
			runOnlyForDeploymentPostprocessing = 0;
		};
/* End PBXSourcesBuildPhase section */

/* Begin PBXVariantGroup section */
		A374806C14B7C10E00601CC8 /* InfoPlist.strings */ = {
			isa = PBXVariantGroup;
			children = (
				A374806D14B7C10E00601CC8 /* en */,
			);
			name = InfoPlist.strings;
			sourceTree = "<group>";
		};
		A374807514B7C10E00601CC8 /* MainStoryboard.storyboard */ = {
			isa = PBXVariantGroup;
			children = (
				A374807614B7C10E00601CC8 /* en */,
			);
			name = MainStoryboard.storyboard;
			sourceTree = "<group>";
		};
/* End PBXVariantGroup section */

/* Begin XCBuildConfiguration section */
		A374807B14B7C10E00601CC8 /* Debug */ = {
			isa = XCBuildConfiguration;
			buildSettings = {
				ALWAYS_SEARCH_USER_PATHS = NO;
				ARCHS = "$(ARCHS_STANDARD_32_BIT)";
				CLANG_ENABLE_OBJC_ARC = YES;
				"CODE_SIGN_IDENTITY[sdk=iphoneos*]" = "iPhone Developer";
				COPY_PHASE_STRIP = NO;
				GCC_C_LANGUAGE_STANDARD = gnu99;
				GCC_DYNAMIC_NO_PIC = NO;
				GCC_OPTIMIZATION_LEVEL = 0;
				GCC_PREPROCESSOR_DEFINITIONS = (
					"DEBUG=1",
					"$(inherited)",
				);
				GCC_SYMBOLS_PRIVATE_EXTERN = NO;
				GCC_VERSION = com.apple.compilers.llvm.clang.1_0;
				GCC_WARN_ABOUT_MISSING_PROTOTYPES = YES;
				GCC_WARN_ABOUT_RETURN_TYPE = YES;
				GCC_WARN_UNUSED_VARIABLE = YES;
				IPHONEOS_DEPLOYMENT_TARGET = 5.0;
				SDKROOT = iphoneos;
			};
			name = Debug;
		};
		A374807C14B7C10E00601CC8 /* Release */ = {
			isa = XCBuildConfiguration;
			buildSettings = {
				ALWAYS_SEARCH_USER_PATHS = NO;
				ARCHS = "$(ARCHS_STANDARD_32_BIT)";
				CLANG_ENABLE_OBJC_ARC = YES;
				"CODE_SIGN_IDENTITY[sdk=iphoneos*]" = "iPhone Developer";
				COPY_PHASE_STRIP = YES;
				GCC_C_LANGUAGE_STANDARD = gnu99;
				GCC_VERSION = com.apple.compilers.llvm.clang.1_0;
				GCC_WARN_ABOUT_MISSING_PROTOTYPES = YES;
				GCC_WARN_ABOUT_RETURN_TYPE = YES;
				GCC_WARN_UNUSED_VARIABLE = YES;
				IPHONEOS_DEPLOYMENT_TARGET = 5.0;
				OTHER_CFLAGS = "-DNS_BLOCK_ASSERTIONS=1";
				SDKROOT = iphoneos;
				VALIDATE_PRODUCT = YES;
			};
			name = Release;
		};
		A374807E14B7C10E00601CC8 /* Debug */ = {
			isa = XCBuildConfiguration;
			buildSettings = {
				GCC_PRECOMPILE_PREFIX_HEADER = YES;
				GCC_PREFIX_HEADER = "ShareaboutsMap/ShareaboutsMap-Prefix.pch";
				INFOPLIST_FILE = "ShareaboutsMap/ShareaboutsMap-Info.plist";
				PRODUCT_NAME = "$(TARGET_NAME)";
				WRAPPER_EXTENSION = app;
			};
			name = Debug;
		};
		A374807F14B7C10E00601CC8 /* Release */ = {
			isa = XCBuildConfiguration;
			buildSettings = {
				GCC_PRECOMPILE_PREFIX_HEADER = YES;
				GCC_PREFIX_HEADER = "ShareaboutsMap/ShareaboutsMap-Prefix.pch";
				INFOPLIST_FILE = "ShareaboutsMap/ShareaboutsMap-Info.plist";
				PRODUCT_NAME = "$(TARGET_NAME)";
				WRAPPER_EXTENSION = app;
			};
			name = Release;
		};
/* End XCBuildConfiguration section */

/* Begin XCConfigurationList section */
		A374805914B7C10E00601CC8 /* Build configuration list for PBXProject "ShareaboutsMap" */ = {
			isa = XCConfigurationList;
			buildConfigurations = (
				A374807B14B7C10E00601CC8 /* Debug */,
				A374807C14B7C10E00601CC8 /* Release */,
			);
			defaultConfigurationIsVisible = 0;
			defaultConfigurationName = Release;
		};
		A374807D14B7C10E00601CC8 /* Build configuration list for PBXNativeTarget "ShareaboutsMap" */ = {
			isa = XCConfigurationList;
			buildConfigurations = (
				A374807E14B7C10E00601CC8 /* Debug */,
				A374807F14B7C10E00601CC8 /* Release */,
			);
			defaultConfigurationIsVisible = 0;
		};
/* End XCConfigurationList section */
	};
	rootObject = A374805614B7C10E00601CC8 /* Project object */;
}
